
Microsoft Visual Studio Solution File, Format Version 12.00
# Visual Studio 14
VisualStudioVersion = 14.0.24720.0
MinimumVisualStudioVersion = 10.0.40219.1
Project("{FAE04EC0-301F-11D3-BF4B-00C04F79EFBC}") = "Ntua Privacy Solution", "Ntua Privacy Solution\Ntua Privacy Solution.csproj", "{C2F6CA5F-55DF-4415-8422-4DC0ABB4AAC6}"
EndProject
Project("{FAE04EC0-301F-11D3-BF4B-00C04F79EFBC}") = "WizardFormLib", "WizardFormLib\WizardFormLib.csproj", "{88B8AF73-300C-4E35-9C2E-021D87D896A5}"
EndProject
Global
	GlobalSection(SolutionConfigurationPlatforms) = preSolution
		Debug|Any CPU = Debug|Any CPU
		Release|Any CPU = Release|Any CPU
	EndGlobalSection
	GlobalSection(ProjectConfigurationPlatforms) = postSolution
		{C2F6CA5F-55DF-4415-8422-4DC0ABB4AAC6}.Debug|Any CPU.ActiveCfg = Debug|Any CPU
		{C2F6CA5F-55DF-4415-8422-4DC0ABB4AAC6}.Debug|Any CPU.Build.0 = Debug|Any CPU
		{C2F6CA5F-55DF-4415-8422-4DC0ABB4AAC6}.Release|Any CPU.ActiveCfg = Release|Any CPU
		{C2F6CA5F-55DF-4415-8422-4DC0ABB4AAC6}.Release|Any CPU.Build.0 = Release|Any CPU
		{88B8AF73-300C-4E35-9C2E-021D87D896A5}.Debug|Any CPU.ActiveCfg = Debug|Any CPU
		{88B8AF73-300C-4E35-9C2E-021D87D896A5}.Debug|Any CPU.Build.0 = Debug|Any CPU
		{88B8AF73-300C-4E35-9C2E-021D87D896A5}.Release|Any CPU.ActiveCfg = Release|Any CPU
		{88B8AF73-300C-4E35-9C2E-021D87D896A5}.Release|Any CPU.Build.0 = Release|Any CPU
	EndGlobalSection
	GlobalSection(SolutionProperties) = preSolution
		HideSolutionNode = FALSE
	EndGlobalSection
EndGlobal
